
Microsoft Visual Studio Solution File, Format Version 12.00
# Visual Studio Version 17
VisualStudioVersion = 17.9.34723.18
MinimumVisualStudioVersion = 10.0.40219.1
Project("{FAE04EC0-301F-11D3-BF4B-00C04F79EFBC}") = "Express", "Express\Express.csproj", "{6BADF98B-E802-4869-B19F-F772BB435FB5}"
EndProject
Global
	GlobalSection(SolutionConfigurationPlatforms) = preSolution
		Debug|Any CPU = Debug|Any CPU
		Release|Any CPU = Release|Any CPU
	EndGlobalSection
	GlobalSection(ProjectConfigurationPlatforms) = postSolution
		{6BADF98B-E802-4869-B19F-F772BB435FB5}.Debug|Any CPU.ActiveCfg = Debug|Any CPU
		{6BADF98B-E802-4869-B19F-F772BB435FB5}.Debug|Any CPU.Build.0 = Debug|Any CPU
		{6BADF98B-E802-4869-B19F-F772BB435FB5}.Release|Any CPU.ActiveCfg = Release|Any CPU
		{6BADF98B-E802-4869-B19F-F772BB435FB5}.Release|Any CPU.Build.0 = Release|Any CPU
	EndGlobalSection
	GlobalSection(SolutionProperties) = preSolution
		HideSolutionNode = FALSE
	EndGlobalSection
	GlobalSection(ExtensibilityGlobals) = postSolution
		SolutionGuid = {2A620C91-C7C7-49A7-AB41-D598A1FD43E1}
	EndGlobalSection
EndGlobal
